
Microsoft Visual Studio Solution File, Format Version 12.00
# Visual Studio Version 16
VisualStudioVersion = 16.0.30104.148
MinimumVisualStudioVersion = 10.0.40219.1
Project("{FAE04EC0-301F-11D3-BF4B-00C04F79EFBC}") = "bt-html-css", "bt-html-css.csproj", "{29310176-E082-4503-B3DE-108ED8A9EE91}"
EndProject
Global
	GlobalSection(SolutionConfigurationPlatforms) = preSolution
		Debug|Any CPU = Debug|Any CPU
		Release|Any CPU = Release|Any CPU
	EndGlobalSection
	GlobalSection(ProjectConfigurationPlatforms) = postSolution
		{29310176-E082-4503-B3DE-108ED8A9EE91}.Debug|Any CPU.ActiveCfg = Debug|Any CPU
		{29310176-E082-4503-B3DE-108ED8A9EE91}.Debug|Any CPU.Build.0 = Debug|Any CPU
		{29310176-E082-4503-B3DE-108ED8A9EE91}.Release|Any CPU.ActiveCfg = Release|Any CPU
		{29310176-E082-4503-B3DE-108ED8A9EE91}.Release|Any CPU.Build.0 = Release|Any CPU
	EndGlobalSection
	GlobalSection(SolutionProperties) = preSolution
		HideSolutionNode = FALSE
	EndGlobalSection
	GlobalSection(ExtensibilityGlobals) = postSolution
		SolutionGuid = {3C446747-CB8E-4E95-9941-DFFEF652FA22}
	EndGlobalSection
EndGlobal
